
Microsoft Visual Studio Solution File, Format Version 12.00
# Visual Studio Version 17
VisualStudioVersion = 17.2.32519.379
MinimumVisualStudioVersion = 10.0.40219.1
Project("{FAE04EC0-301F-11D3-BF4B-00C04F79EFBC}") = "ADO.NetEmployeeProblem", "ADO.NetEmployeeProblem\ADO.NetEmployeeProblem.csproj", "{BD23581B-EC7D-423B-B826-9DED25660FFE}"
EndProject
Global
	GlobalSection(SolutionConfigurationPlatforms) = preSolution
		Debug|Any CPU = Debug|Any CPU
		Release|Any CPU = Release|Any CPU
	EndGlobalSection
	GlobalSection(ProjectConfigurationPlatforms) = postSolution
		{BD23581B-EC7D-423B-B826-9DED25660FFE}.Debug|Any CPU.ActiveCfg = Debug|Any CPU
		{BD23581B-EC7D-423B-B826-9DED25660FFE}.Debug|Any CPU.Build.0 = Debug|Any CPU
		{BD23581B-EC7D-423B-B826-9DED25660FFE}.Release|Any CPU.ActiveCfg = Release|Any CPU
		{BD23581B-EC7D-423B-B826-9DED25660FFE}.Release|Any CPU.Build.0 = Release|Any CPU
	EndGlobalSection
	GlobalSection(SolutionProperties) = preSolution
		HideSolutionNode = FALSE
	EndGlobalSection
	GlobalSection(ExtensibilityGlobals) = postSolution
		SolutionGuid = {55B6F5AE-9AF1-45FC-8B05-6A4CBF74CAD5}
	EndGlobalSection
EndGlobal
