
Microsoft Visual Studio Solution File, Format Version 12.00
# Visual Studio Version 17
VisualStudioVersion = 17.2.32519.379
MinimumVisualStudioVersion = 10.0.40219.1
Project("{9A19103F-16F7-4668-BE54-9A1E7A4F7556}") = "ADO.NetEmployeeProblem", "ADO.NetEmployeeProblem\ADO.NetEmployeeProblem.csproj", "{BD23581B-EC7D-423B-B826-9DED25660FFE}"
EndProject
Project("{FAE04EC0-301F-11D3-BF4B-00C04F79EFBC}") = "EmployeePayRollTest", "EmployeePayRollTest\EmployeePayRollTest.csproj", "{B9D69FB8-B735-4F65-8244-A8154F65AE93}"
EndProject
Global
	GlobalSection(SolutionConfigurationPlatforms) = preSolution
		Debug|Any CPU = Debug|Any CPU
		Release|Any CPU = Release|Any CPU
	EndGlobalSection
	GlobalSection(ProjectConfigurationPlatforms) = postSolution
		{BD23581B-EC7D-423B-B826-9DED25660FFE}.Debug|Any CPU.ActiveCfg = Debug|Any CPU
		{BD23581B-EC7D-423B-B826-9DED25660FFE}.Debug|Any CPU.Build.0 = Debug|Any CPU
		{BD23581B-EC7D-423B-B826-9DED25660FFE}.Release|Any CPU.ActiveCfg = Release|Any CPU
		{BD23581B-EC7D-423B-B826-9DED25660FFE}.Release|Any CPU.Build.0 = Release|Any CPU
		{B9D69FB8-B735-4F65-8244-A8154F65AE93}.Debug|Any CPU.ActiveCfg = Debug|Any CPU
		{B9D69FB8-B735-4F65-8244-A8154F65AE93}.Debug|Any CPU.Build.0 = Debug|Any CPU
		{B9D69FB8-B735-4F65-8244-A8154F65AE93}.Release|Any CPU.ActiveCfg = Release|Any CPU
		{B9D69FB8-B735-4F65-8244-A8154F65AE93}.Release|Any CPU.Build.0 = Release|Any CPU
	EndGlobalSection
	GlobalSection(SolutionProperties) = preSolution
		HideSolutionNode = FALSE
	EndGlobalSection
	GlobalSection(ExtensibilityGlobals) = postSolution
		SolutionGuid = {55B6F5AE-9AF1-45FC-8B05-6A4CBF74CAD5}
	EndGlobalSection
EndGlobal
